// !$*UTF8*$!
{
	archiveVersion = 1;
	classes = {
	};
	objectVersion = 56;
	objects = {

/* Begin PBXFileReference section */
		01A14B922935BB5E00F5C55D /* 3_Array.playground */ = {isa = PBXFileReference; lastKnownFileType = file.playground; path = 3_Array.playground; sourceTree = "<group>"; xcLanguageSpecificationIdentifier = xcode.lang.swift; };
		01A14B932935D89400F5C55D /* 4_Set.playground */ = {isa = PBXFileReference; lastKnownFileType = file.playground; path = 4_Set.playground; sourceTree = "<group>"; xcLanguageSpecificationIdentifier = xcode.lang.swift; };
		01A14B94293600AE00F5C55D /* 5_Dictionary.playground */ = {isa = PBXFileReference; lastKnownFileType = file.playground; path = 5_Dictionary.playground; sourceTree = "<group>"; xcLanguageSpecificationIdentifier = xcode.lang.swift; };
		01A14B95293622AB00F5C55D /* 6_Tuple.playground */ = {isa = PBXFileReference; lastKnownFileType = file.playground; path = 6_Tuple.playground; sourceTree = "<group>"; xcLanguageSpecificationIdentifier = xcode.lang.swift; };
		01C6A41E2934CC5C00295A52 /* 1_Variable.playground */ = {isa = PBXFileReference; lastKnownFileType = file.playground; path = 1_Variable.playground; sourceTree = "<group>"; xcLanguageSpecificationIdentifier = xcode.lang.swift; };
		01C6A41F2934DEFF00295A52 /* 2_DataType.playground */ = {isa = PBXFileReference; lastKnownFileType = file.playground; path = 2_DataType.playground; sourceTree = "<group>"; xcLanguageSpecificationIdentifier = xcode.lang.swift; };
/* End PBXFileReference section */

/* Begin PBXGroup section */
		01C6A4172934CC2B00295A52 = {
			isa = PBXGroup;
			children = (
				01A14B95293622AB00F5C55D /* 6_Tuple.playground */,
				01A14B94293600AE00F5C55D /* 5_Dictionary.playground */,
				01C6A41E2934CC5C00295A52 /* 1_Variable.playground */,
				01C6A41F2934DEFF00295A52 /* 2_DataType.playground */,
				01A14B922935BB5E00F5C55D /* 3_Array.playground */,
				01A14B932935D89400F5C55D /* 4_Set.playground */,
			);
			sourceTree = "<group>";
		};
/* End PBXGroup section */

/* Begin PBXProject section */
		01C6A4182934CC2B00295A52 /* Project object */ = {
			isa = PBXProject;
			attributes = {
				BuildIndependentTargetsInParallel = 1;
				LastUpgradeCheck = 1410;
			};
			buildConfigurationList = 01C6A41B2934CC2B00295A52 /* Build configuration list for PBXProject "SwiftPractice" */;
			compatibilityVersion = "Xcode 14.0";
			developmentRegion = en;
			hasScannedForEncodings = 0;
			knownRegions = (
				en,
				Base,
			);
			mainGroup = 01C6A4172934CC2B00295A52;
			projectDirPath = "";
			projectRoot = "";
			targets = (
			);
		};
/* End PBXProject section */

/* Begin XCBuildConfiguration section */
		01C6A41C2934CC2B00295A52 /* Debug */ = {
			isa = XCBuildConfiguration;
			buildSettings = {
			};
			name = Debug;
		};
		01C6A41D2934CC2B00295A52 /* Release */ = {
			isa = XCBuildConfiguration;
			buildSettings = {
			};
			name = Release;
		};
/* End XCBuildConfiguration section */

/* Begin XCConfigurationList section */
		01C6A41B2934CC2B00295A52 /* Build configuration list for PBXProject "SwiftPractice" */ = {
			isa = XCConfigurationList;
			buildConfigurations = (
				01C6A41C2934CC2B00295A52 /* Debug */,
				01C6A41D2934CC2B00295A52 /* Release */,
			);
			defaultConfigurationIsVisible = 0;
			defaultConfigurationName = Release;
		};
/* End XCConfigurationList section */
	};
	rootObject = 01C6A4182934CC2B00295A52 /* Project object */;
}
